
Microsoft Visual Studio Solution File, Format Version 11.00
# Visual Studio 2010
Project("{FAE04EC0-301F-11D3-BF4B-00C04F79EFBC}") = "CIMS", "WindowsFormsApplication3\CIMS.csproj", "{0A91B537-7844-490F-9742-56D3B570F271}"
EndProject
Project("{2150E333-8FDC-42A3-9474-1A3956D46DE8}") = "Solution Items", "Solution Items", "{910C86C9-32D3-4F11-81D3-8C9E569B54D8}"
	ProjectSection(SolutionItems) = preProject
		Local.testsettings = Local.testsettings
		Product.css = Product.css
		TraceAndTestImpact.testsettings = TraceAndTestImpact.testsettings
		WindowsFormsApplication3.vsmdi = WindowsFormsApplication3.vsmdi
	EndProjectSection
EndProject
Global
	GlobalSection(TestCaseManagementSettings) = postSolution
		CategoryFile = WindowsFormsApplication3.vsmdi
	EndGlobalSection
	GlobalSection(SolutionConfigurationPlatforms) = preSolution
		Debug|Any CPU = Debug|Any CPU
		Debug|Mixed Platforms = Debug|Mixed Platforms
		Debug|x86 = Debug|x86
		Release|Any CPU = Release|Any CPU
		Release|Mixed Platforms = Release|Mixed Platforms
		Release|x86 = Release|x86
	EndGlobalSection
	GlobalSection(ProjectConfigurationPlatforms) = postSolution
		{0A91B537-7844-490F-9742-56D3B570F271}.Debug|Any CPU.ActiveCfg = Debug|x86
		{0A91B537-7844-490F-9742-56D3B570F271}.Debug|Mixed Platforms.ActiveCfg = Debug|x86
		{0A91B537-7844-490F-9742-56D3B570F271}.Debug|Mixed Platforms.Build.0 = Debug|x86
		{0A91B537-7844-490F-9742-56D3B570F271}.Debug|x86.ActiveCfg = Debug|x86
		{0A91B537-7844-490F-9742-56D3B570F271}.Debug|x86.Build.0 = Debug|x86
		{0A91B537-7844-490F-9742-56D3B570F271}.Release|Any CPU.ActiveCfg = Release|x86
		{0A91B537-7844-490F-9742-56D3B570F271}.Release|Mixed Platforms.ActiveCfg = Release|x86
		{0A91B537-7844-490F-9742-56D3B570F271}.Release|Mixed Platforms.Build.0 = Release|x86
		{0A91B537-7844-490F-9742-56D3B570F271}.Release|x86.ActiveCfg = Release|x86
		{0A91B537-7844-490F-9742-56D3B570F271}.Release|x86.Build.0 = Release|x86
	EndGlobalSection
	GlobalSection(SolutionProperties) = preSolution
		HideSolutionNode = FALSE
	EndGlobalSection
EndGlobal
